PODS:
  - Macaw (0.9.6):
    - SWXMLHash
  - SwiftyMarkdown (1.2.2)
  - SwiftyOnboard (1.3.8)
  - SWXMLHash (5.0.1)

DEPENDENCIES:
  - Macaw (= 0.9.6)
  - SwiftyMarkdown
  - SwiftyOnboard

SPEC REPOS:
  trunk:
    - Macaw
    - SwiftyMarkdown
    - SwiftyOnboard
    - SWXMLHash

SPEC CHECKSUMS:
  Macaw: 8306d775625ba003beee4186b9533fd7cf284024
  SwiftyMarkdown: 716936bd2031df713a8d22d166b9408f4884cab3
  SwiftyOnboard: de60e90c2af23dd61b01ec0c6a8d0be3370f857b
  SWXMLHash: 9cc0c2e4807926c74377724aa8722ee5707a0485

PODFILE CHECKSUM: bc7d3e0c803bb479447bdaf6d0c189e7ac0f3aab

COCOAPODS: 1.10.0
