{
  "object": {
    "pins": [
      {
        "package": "Macaw",
        "repositoryURL": "https://github.com/elihwyma/Macaw.git",
        "state": {
          "branch": null,
          "revision": "65f958d65924cce91ec8c0095ea99174984d5058",
          "version": null
        }
      },
      {
        "package": "SwiftyMarkdown",
        "repositoryURL": "https://github.com/SimonFairbairn/SwiftyMarkdown",
        "state": {
          "branch": null,
          "revision": "5b0a1e76332a633726f9f9a00b4bbd840166bccf",
          "version": "1.2.3"
        }
      },
      {
        "package": "SWXMLHash",
        "repositoryURL": "https://github.com/drmohundro/SWXMLHash",
        "state": {
          "branch": null,
          "revision": "a4931e5c3bafbedeb1601d3bb76bbe835c6d475a",
          "version": "5.0.1"
        }
      }
    ]
  },
  "version": 1
}
